
Microsoft Visual Studio Solution File, Format Version 12.00
# Visual Studio Version 17
VisualStudioVersion = 17.13.35931.197
MinimumVisualStudioVersion = 10.0.40219.1
Project("{2150E333-8FDC-42A3-9474-1A3956D46DE8}") = "Exe", "Exe", "{02EA681E-C7D8-13C7-8484-4AC65E1B71E8}"
EndProject
Project("{2150E333-8FDC-42A3-9474-1A3956D46DE8}") = "Dll", "Dll", "{EEAB4C27-7242-42BD-A60F-177E15A4D01A}"
EndProject
Project("{8BC9CEB8-8B4A-11D0-8D11-00A0C91BC942}") = "Exe_Dx11_Win32", "Exe_Dx11_Win32\Exe_Dx11_Win32.vcxproj", "{92DD344C-3DDE-4768-82D6-FA5D98165954}"
EndProject
Project("{8BC9CEB8-8B4A-11D0-8D11-00A0C91BC942}") = "Dll_Dx11_Win32", "Dll_Dx11_Win32\Dll_Dx11_Win32.vcxproj", "{74EA17D8-4C67-457E-8F6D-BD2D382B2EA5}"
EndProject
Project("{8BC9CEB8-8B4A-11D0-8D11-00A0C91BC942}") = "Exe_Dx9_Win32", "Exe_Dx9_Win32\Exe_Dx9_Win32.vcxproj", "{77261B4E-1C79-41B6-87EB-39B4F92F1C20}"
EndProject
Project("{8BC9CEB8-8B4A-11D0-8D11-00A0C91BC942}") = "Dll_Dx9_Win32", "Dll_Dx9_Win32\Dll_Dx9_Win32.vcxproj", "{82085D86-D16C-4422-BB72-9C333972970C}"
EndProject
Global
	GlobalSection(SolutionConfigurationPlatforms) = preSolution
		Debug|x64 = Debug|x64
		Debug|x86 = Debug|x86
		Release|x64 = Release|x64
		Release|x86 = Release|x86
	EndGlobalSection
	GlobalSection(ProjectConfigurationPlatforms) = postSolution
		{92DD344C-3DDE-4768-82D6-FA5D98165954}.Debug|x64.ActiveCfg = Debug|x64
		{92DD344C-3DDE-4768-82D6-FA5D98165954}.Debug|x64.Build.0 = Debug|x64
		{92DD344C-3DDE-4768-82D6-FA5D98165954}.Debug|x86.ActiveCfg = Debug|Win32
		{92DD344C-3DDE-4768-82D6-FA5D98165954}.Debug|x86.Build.0 = Debug|Win32
		{92DD344C-3DDE-4768-82D6-FA5D98165954}.Release|x64.ActiveCfg = Release|x64
		{92DD344C-3DDE-4768-82D6-FA5D98165954}.Release|x64.Build.0 = Release|x64
		{92DD344C-3DDE-4768-82D6-FA5D98165954}.Release|x86.ActiveCfg = Release|Win32
		{92DD344C-3DDE-4768-82D6-FA5D98165954}.Release|x86.Build.0 = Release|Win32
		{74EA17D8-4C67-457E-8F6D-BD2D382B2EA5}.Debug|x64.ActiveCfg = Debug|x64
		{74EA17D8-4C67-457E-8F6D-BD2D382B2EA5}.Debug|x64.Build.0 = Debug|x64
		{74EA17D8-4C67-457E-8F6D-BD2D382B2EA5}.Debug|x86.ActiveCfg = Debug|Win32
		{74EA17D8-4C67-457E-8F6D-BD2D382B2EA5}.Debug|x86.Build.0 = Debug|Win32
		{74EA17D8-4C67-457E-8F6D-BD2D382B2EA5}.Release|x64.ActiveCfg = Release|x64
		{74EA17D8-4C67-457E-8F6D-BD2D382B2EA5}.Release|x64.Build.0 = Release|x64
		{74EA17D8-4C67-457E-8F6D-BD2D382B2EA5}.Release|x86.ActiveCfg = Release|Win32
		{74EA17D8-4C67-457E-8F6D-BD2D382B2EA5}.Release|x86.Build.0 = Release|Win32
		{77261B4E-1C79-41B6-87EB-39B4F92F1C20}.Debug|x64.ActiveCfg = Debug|x64
		{77261B4E-1C79-41B6-87EB-39B4F92F1C20}.Debug|x64.Build.0 = Debug|x64
		{77261B4E-1C79-41B6-87EB-39B4F92F1C20}.Debug|x86.ActiveCfg = Debug|Win32
		{77261B4E-1C79-41B6-87EB-39B4F92F1C20}.Debug|x86.Build.0 = Debug|Win32
		{77261B4E-1C79-41B6-87EB-39B4F92F1C20}.Release|x64.ActiveCfg = Release|x64
		{77261B4E-1C79-41B6-87EB-39B4F92F1C20}.Release|x64.Build.0 = Release|x64
		{77261B4E-1C79-41B6-87EB-39B4F92F1C20}.Release|x86.ActiveCfg = Release|Win32
		{77261B4E-1C79-41B6-87EB-39B4F92F1C20}.Release|x86.Build.0 = Release|Win32
		{82085D86-D16C-4422-BB72-9C333972970C}.Debug|x64.ActiveCfg = Debug|x64
		{82085D86-D16C-4422-BB72-9C333972970C}.Debug|x64.Build.0 = Debug|x64
		{82085D86-D16C-4422-BB72-9C333972970C}.Debug|x86.ActiveCfg = Debug|Win32
		{82085D86-D16C-4422-BB72-9C333972970C}.Debug|x86.Build.0 = Debug|Win32
		{82085D86-D16C-4422-BB72-9C333972970C}.Release|x64.ActiveCfg = Release|x64
		{82085D86-D16C-4422-BB72-9C333972970C}.Release|x64.Build.0 = Release|x64
		{82085D86-D16C-4422-BB72-9C333972970C}.Release|x86.ActiveCfg = Release|Win32
		{82085D86-D16C-4422-BB72-9C333972970C}.Release|x86.Build.0 = Release|Win32
	EndGlobalSection
	GlobalSection(SolutionProperties) = preSolution
		HideSolutionNode = FALSE
	EndGlobalSection
	GlobalSection(NestedProjects) = preSolution
		{92DD344C-3DDE-4768-82D6-FA5D98165954} = {02EA681E-C7D8-13C7-8484-4AC65E1B71E8}
		{74EA17D8-4C67-457E-8F6D-BD2D382B2EA5} = {EEAB4C27-7242-42BD-A60F-177E15A4D01A}
		{77261B4E-1C79-41B6-87EB-39B4F92F1C20} = {02EA681E-C7D8-13C7-8484-4AC65E1B71E8}
		{82085D86-D16C-4422-BB72-9C333972970C} = {EEAB4C27-7242-42BD-A60F-177E15A4D01A}
	EndGlobalSection
	GlobalSection(ExtensibilityGlobals) = postSolution
		SolutionGuid = {F312A22A-0A4A-4D3E-AB1E-A8550EF5DAA8}
	EndGlobalSection
EndGlobal
