<?xml version="1.0" encoding="utf-8"?>
<Project ToolsVersion="4.0" xmlns="http://schemas.microsoft.com/developer/msbuild/2003">
  <ItemGroup>
    <ClInclude Include="..\..\Backends\ArgonDx9Renderer.h">
      <Filter>ArgonGui\Backends</Filter>
    </ClInclude>
    <ClInclude Include="..\..\Backends\ArgonFreeTypeGlyphParser.h">
      <Filter>ArgonGui\Backends</Filter>
    </ClInclude>
    <ClInclude Include="..\..\Backends\ArgonWin32Platform.h">
      <Filter>ArgonGui\Backends</Filter>
    </ClInclude>
    <ClInclude Include="..\..\ArgonContext.h">
      <Filter>ArgonGui</Filter>
    </ClInclude>
    <ClInclude Include="..\..\ArgonGraphic.h">
      <Filter>ArgonGui</Filter>
    </ClInclude>
    <ClInclude Include="..\..\ArgonGui.h">
      <Filter>ArgonGui</Filter>
    </ClInclude>
    <ClInclude Include="..\..\ArgonInput.h">
      <Filter>ArgonGui</Filter>
    </ClInclude>
    <ClInclude Include="..\..\ArgonMath.h">
      <Filter>ArgonGui</Filter>
    </ClInclude>
    <ClInclude Include="..\..\ArgonRender.h">
      <Filter>ArgonGui</Filter>
    </ClInclude>
    <ClInclude Include="..\..\ArgonTemplate.h">
      <Filter>ArgonGui</Filter>
    </ClInclude>
    <ClInclude Include="Main.h">
      <Filter>Main</Filter>
    </ClInclude>
    <ClInclude Include="..\Demo.h">
      <Filter>Main</Filter>
    </ClInclude>
  </ItemGroup>
  <ItemGroup>
    <Filter Include="Main">
      <UniqueIdentifier>{f86caac0-762a-428d-80c6-85ae6ba685d6}</UniqueIdentifier>
    </Filter>
    <Filter Include="ArgonGui">
      <UniqueIdentifier>{93c0467c-af44-41ce-9050-fc08e505f38f}</UniqueIdentifier>
    </Filter>
    <Filter Include="ArgonGui\Backends">
      <UniqueIdentifier>{badc4c3a-2cea-4e1a-8315-fb50e151520e}</UniqueIdentifier>
    </Filter>
  </ItemGroup>
  <ItemGroup>
    <ClCompile Include="..\..\Backends\ArgonDx9Renderer.cpp">
      <Filter>ArgonGui\Backends</Filter>
    </ClCompile>
    <ClCompile Include="..\..\Backends\ArgonFreeTypeGlyphParser.cpp">
      <Filter>ArgonGui\Backends</Filter>
    </ClCompile>
    <ClCompile Include="..\..\Backends\ArgonWin32Platform.cpp">
      <Filter>ArgonGui\Backends</Filter>
    </ClCompile>
    <ClCompile Include="..\..\ArgonContext.cpp">
      <Filter>ArgonGui</Filter>
    </ClCompile>
    <ClCompile Include="..\..\ArgonGraphic.cpp">
      <Filter>ArgonGui</Filter>
    </ClCompile>
    <ClCompile Include="..\..\ArgonGui.cpp">
      <Filter>ArgonGui</Filter>
    </ClCompile>
    <ClCompile Include="..\..\ArgonInput.cpp">
      <Filter>ArgonGui</Filter>
    </ClCompile>
    <ClCompile Include="..\..\ArgonRender.cpp">
      <Filter>ArgonGui</Filter>
    </ClCompile>
    <ClCompile Include="Main.cpp">
      <Filter>Main</Filter>
    </ClCompile>
  </ItemGroup>
</Project>